hash: d291b0961fcd378a1ffd9579925a6be40f752c49113ec1810613e124a9be301f
updated: 2018-08-11T17:58:44.195269-07:00
imports:
- name: github.com/daihasso/slogging
  version: 10bfd97e503e5b684e1b1931a3c5971f0ed04a44
- name: github.com/go-sql-driver/mysql
  version: d523deb1b23d913de5bdada721a6071e71283618
- name: github.com/jmoiron/sqlx
  version: 0dae4fefe7c0e190f7b5a78dac28a1c82cc8d849
  subpackages:
  - reflectx
- name: github.com/lib/pq
  version: 90697d60dd844d5ef6ff15135d0203f65d2f53b8
  subpackages:
  - oid
- name: google.golang.org/appengine
  version: 4216e58b9158e5f1c906f1aca75162a46a2ec88a
  subpackages:
  - cloudsql
testImports:
- name: github.com/DATA-DOG/go-sqlmock
  version: d76b18b42f285b792bf985118980ce9eacea9d10
